
Microsoft Visual Studio Solution File, Format Version 12.00
# Visual Studio Version 17
VisualStudioVersion = 17.0.31903.59
MinimumVisualStudioVersion = 10.0.40219.1
Project("{2150E333-8FDC-42A3-9474-1A3956D46DE8}") = "src", "src", "{9661D15E-4A54-4852-866D-15727B4E4F29}"
EndProject
Project("{FAE04EC0-301F-11D3-BF4B-00C04F79EFBC}") = "Verdict", "src\Verdict\Verdict.csproj", "{60F7A265-BE29-4CFD-852F-BB563E3AA085}"
EndProject
Project("{FAE04EC0-301F-11D3-BF4B-00C04F79EFBC}") = "Verdict.Fluent", "src\Verdict.Fluent\Verdict.Fluent.csproj", "{5A91204E-3834-4350-A888-DACE0DF0AD2A}"
EndProject
Project("{2150E333-8FDC-42A3-9474-1A3956D46DE8}") = "benchmarks", "benchmarks", "{34318781-1174-4BA7-AD73-DFE963A7AA47}"
EndProject
Project("{FAE04EC0-301F-11D3-BF4B-00C04F79EFBC}") = "Verdict.Benchmarks", "benchmarks\Verdict.Benchmarks\Verdict.Benchmarks.csproj", "{84DC41F6-F2BF-4731-8A75-3CF5467D8013}"
EndProject
Project("{FAE04EC0-301F-11D3-BF4B-00C04F79EFBC}") = "Verdict.Extensions", "src\Verdict.Extensions\Verdict.Extensions.csproj", "{E5C45BFF-8A27-47B1-A481-FDB17730D62D}"
EndProject
Project("{FAE04EC0-301F-11D3-BF4B-00C04F79EFBC}") = "Verdict.Async", "src\Verdict.Async\Verdict.Async.csproj", "{491FDDE1-509C-4D05-A310-C122A327848B}"
EndProject
Project("{FAE04EC0-301F-11D3-BF4B-00C04F79EFBC}") = "Verdict.Rich", "src\Verdict.Rich\Verdict.Rich.csproj", "{6F853687-6188-4ED1-A3B0-4E31E267772A}"
EndProject
Project("{FAE04EC0-301F-11D3-BF4B-00C04F79EFBC}") = "Verdict.Logging", "src\Verdict.Logging\Verdict.Logging.csproj", "{9017B635-B91E-45D4-BAF4-999D7B2E7AFF}"
EndProject
Project("{FAE04EC0-301F-11D3-BF4B-00C04F79EFBC}") = "Verdict.AspNetCore", "src\Verdict.AspNetCore\Verdict.AspNetCore.csproj", "{4A37AEF8-1859-4BA3-84B2-B39B7A4242C1}"
EndProject
Project("{2150E333-8FDC-42A3-9474-1A3956D46DE8}") = "tests", "tests", "{798B15BD-CF3B-4419-BFD4-52F0254194B0}"
EndProject
Project("{FAE04EC0-301F-11D3-BF4B-00C04F79EFBC}") = "Verdict.Tests", "tests\Verdict.Tests\Verdict.Tests.csproj", "{EC3C597D-EB70-461E-9A2E-C05E09BD1686}"
EndProject
Project("{FAE04EC0-301F-11D3-BF4B-00C04F79EFBC}") = "Verdict.Extensions.Tests", "tests\Verdict.Extensions.Tests\Verdict.Extensions.Tests.csproj", "{B16A0F7D-F0BE-4ED6-816F-04A86B5F147E}"
EndProject
Project("{FAE04EC0-301F-11D3-BF4B-00C04F79EFBC}") = "Verdict.Logging.Tests", "tests\Verdict.Logging.Tests\Verdict.Logging.Tests.csproj", "{B5A93599-F654-4672-81F8-A387BE2581C3}"
EndProject
Project("{FAE04EC0-301F-11D3-BF4B-00C04F79EFBC}") = "Verdict.AspNetCore.Tests", "tests\Verdict.AspNetCore.Tests\Verdict.AspNetCore.Tests.csproj", "{7F15A080-9C25-4054-8C54-99982216BAA8}"
EndProject
Project("{FAE04EC0-301F-11D3-BF4B-00C04F79EFBC}") = "Verdict.Async.Tests", "tests\Verdict.Async.Tests\Verdict.Async.Tests.csproj", "{BCCCC6B5-3F05-457B-99A9-743DBC9E630C}"
EndProject
Project("{FAE04EC0-301F-11D3-BF4B-00C04F79EFBC}") = "Verdict.Rich.Tests", "tests\Verdict.Rich.Tests\Verdict.Rich.Tests.csproj", "{EF0D3DE1-84F8-4AE4-AB91-600E96344C02}"
EndProject
Project("{FAE04EC0-301F-11D3-BF4B-00C04F79EFBC}") = "Verdict.Fluent.Tests", "tests\Verdict.Fluent.Tests\Verdict.Fluent.Tests.csproj", "{6E403A14-6D78-44A5-82F2-57EFF9AAC025}"
EndProject
Global
	GlobalSection(SolutionConfigurationPlatforms) = preSolution
		Debug|Any CPU = Debug|Any CPU
		Release|Any CPU = Release|Any CPU
	EndGlobalSection
	GlobalSection(SolutionProperties) = preSolution
		HideSolutionNode = FALSE
	EndGlobalSection
	GlobalSection(ProjectConfigurationPlatforms) = postSolution
		{60F7A265-BE29-4CFD-852F-BB563E3AA085}.Debug|Any CPU.ActiveCfg = Debug|Any CPU
		{60F7A265-BE29-4CFD-852F-BB563E3AA085}.Debug|Any CPU.Build.0 = Debug|Any CPU
		{60F7A265-BE29-4CFD-852F-BB563E3AA085}.Release|Any CPU.ActiveCfg = Release|Any CPU
		{60F7A265-BE29-4CFD-852F-BB563E3AA085}.Release|Any CPU.Build.0 = Release|Any CPU
		{5A91204E-3834-4350-A888-DACE0DF0AD2A}.Debug|Any CPU.ActiveCfg = Debug|Any CPU
		{5A91204E-3834-4350-A888-DACE0DF0AD2A}.Debug|Any CPU.Build.0 = Debug|Any CPU
		{5A91204E-3834-4350-A888-DACE0DF0AD2A}.Release|Any CPU.ActiveCfg = Release|Any CPU
		{5A91204E-3834-4350-A888-DACE0DF0AD2A}.Release|Any CPU.Build.0 = Release|Any CPU
		{84DC41F6-F2BF-4731-8A75-3CF5467D8013}.Debug|Any CPU.ActiveCfg = Debug|Any CPU
		{84DC41F6-F2BF-4731-8A75-3CF5467D8013}.Debug|Any CPU.Build.0 = Debug|Any CPU
		{84DC41F6-F2BF-4731-8A75-3CF5467D8013}.Release|Any CPU.ActiveCfg = Release|Any CPU
		{84DC41F6-F2BF-4731-8A75-3CF5467D8013}.Release|Any CPU.Build.0 = Release|Any CPU
		{E5C45BFF-8A27-47B1-A481-FDB17730D62D}.Debug|Any CPU.ActiveCfg = Debug|Any CPU
		{E5C45BFF-8A27-47B1-A481-FDB17730D62D}.Debug|Any CPU.Build.0 = Debug|Any CPU
		{E5C45BFF-8A27-47B1-A481-FDB17730D62D}.Release|Any CPU.ActiveCfg = Release|Any CPU
		{E5C45BFF-8A27-47B1-A481-FDB17730D62D}.Release|Any CPU.Build.0 = Release|Any CPU
		{491FDDE1-509C-4D05-A310-C122A327848B}.Debug|Any CPU.ActiveCfg = Debug|Any CPU
		{491FDDE1-509C-4D05-A310-C122A327848B}.Debug|Any CPU.Build.0 = Debug|Any CPU
		{491FDDE1-509C-4D05-A310-C122A327848B}.Release|Any CPU.ActiveCfg = Release|Any CPU
		{491FDDE1-509C-4D05-A310-C122A327848B}.Release|Any CPU.Build.0 = Release|Any CPU
		{6F853687-6188-4ED1-A3B0-4E31E267772A}.Debug|Any CPU.ActiveCfg = Debug|Any CPU
		{6F853687-6188-4ED1-A3B0-4E31E267772A}.Debug|Any CPU.Build.0 = Debug|Any CPU
		{6F853687-6188-4ED1-A3B0-4E31E267772A}.Release|Any CPU.ActiveCfg = Release|Any CPU
		{6F853687-6188-4ED1-A3B0-4E31E267772A}.Release|Any CPU.Build.0 = Release|Any CPU
		{9017B635-B91E-45D4-BAF4-999D7B2E7AFF}.Debug|Any CPU.ActiveCfg = Debug|Any CPU
		{9017B635-B91E-45D4-BAF4-999D7B2E7AFF}.Debug|Any CPU.Build.0 = Debug|Any CPU
		{9017B635-B91E-45D4-BAF4-999D7B2E7AFF}.Release|Any CPU.ActiveCfg = Release|Any CPU
		{9017B635-B91E-45D4-BAF4-999D7B2E7AFF}.Release|Any CPU.Build.0 = Release|Any CPU
		{4A37AEF8-1859-4BA3-84B2-B39B7A4242C1}.Debug|Any CPU.ActiveCfg = Debug|Any CPU
		{4A37AEF8-1859-4BA3-84B2-B39B7A4242C1}.Debug|Any CPU.Build.0 = Debug|Any CPU
		{4A37AEF8-1859-4BA3-84B2-B39B7A4242C1}.Release|Any CPU.ActiveCfg = Release|Any CPU
		{4A37AEF8-1859-4BA3-84B2-B39B7A4242C1}.Release|Any CPU.Build.0 = Release|Any CPU
		{EC3C597D-EB70-461E-9A2E-C05E09BD1686}.Debug|Any CPU.ActiveCfg = Debug|Any CPU
		{EC3C597D-EB70-461E-9A2E-C05E09BD1686}.Debug|Any CPU.Build.0 = Debug|Any CPU
		{EC3C597D-EB70-461E-9A2E-C05E09BD1686}.Release|Any CPU.ActiveCfg = Release|Any CPU
		{EC3C597D-EB70-461E-9A2E-C05E09BD1686}.Release|Any CPU.Build.0 = Release|Any CPU
		{B16A0F7D-F0BE-4ED6-816F-04A86B5F147E}.Debug|Any CPU.ActiveCfg = Debug|Any CPU
		{B16A0F7D-F0BE-4ED6-816F-04A86B5F147E}.Debug|Any CPU.Build.0 = Debug|Any CPU
		{B16A0F7D-F0BE-4ED6-816F-04A86B5F147E}.Release|Any CPU.ActiveCfg = Release|Any CPU
		{B16A0F7D-F0BE-4ED6-816F-04A86B5F147E}.Release|Any CPU.Build.0 = Release|Any CPU
		{B5A93599-F654-4672-81F8-A387BE2581C3}.Debug|Any CPU.ActiveCfg = Debug|Any CPU
		{B5A93599-F654-4672-81F8-A387BE2581C3}.Debug|Any CPU.Build.0 = Debug|Any CPU
		{B5A93599-F654-4672-81F8-A387BE2581C3}.Release|Any CPU.ActiveCfg = Release|Any CPU
		{B5A93599-F654-4672-81F8-A387BE2581C3}.Release|Any CPU.Build.0 = Release|Any CPU
		{7F15A080-9C25-4054-8C54-99982216BAA8}.Debug|Any CPU.ActiveCfg = Debug|Any CPU
		{7F15A080-9C25-4054-8C54-99982216BAA8}.Debug|Any CPU.Build.0 = Debug|Any CPU
		{7F15A080-9C25-4054-8C54-99982216BAA8}.Release|Any CPU.ActiveCfg = Release|Any CPU
		{7F15A080-9C25-4054-8C54-99982216BAA8}.Release|Any CPU.Build.0 = Release|Any CPU
		{BCCCC6B5-3F05-457B-99A9-743DBC9E630C}.Debug|Any CPU.ActiveCfg = Debug|Any CPU
		{BCCCC6B5-3F05-457B-99A9-743DBC9E630C}.Debug|Any CPU.Build.0 = Debug|Any CPU
		{BCCCC6B5-3F05-457B-99A9-743DBC9E630C}.Release|Any CPU.ActiveCfg = Release|Any CPU
		{BCCCC6B5-3F05-457B-99A9-743DBC9E630C}.Release|Any CPU.Build.0 = Release|Any CPU
		{EF0D3DE1-84F8-4AE4-AB91-600E96344C02}.Debug|Any CPU.ActiveCfg = Debug|Any CPU
		{EF0D3DE1-84F8-4AE4-AB91-600E96344C02}.Debug|Any CPU.Build.0 = Debug|Any CPU
		{EF0D3DE1-84F8-4AE4-AB91-600E96344C02}.Release|Any CPU.ActiveCfg = Release|Any CPU
		{EF0D3DE1-84F8-4AE4-AB91-600E96344C02}.Release|Any CPU.Build.0 = Release|Any CPU
		{6E403A14-6D78-44A5-82F2-57EFF9AAC025}.Debug|Any CPU.ActiveCfg = Debug|Any CPU
		{6E403A14-6D78-44A5-82F2-57EFF9AAC025}.Debug|Any CPU.Build.0 = Debug|Any CPU
		{6E403A14-6D78-44A5-82F2-57EFF9AAC025}.Release|Any CPU.ActiveCfg = Release|Any CPU
		{6E403A14-6D78-44A5-82F2-57EFF9AAC025}.Release|Any CPU.Build.0 = Release|Any CPU
	EndGlobalSection
	GlobalSection(NestedProjects) = preSolution
		{60F7A265-BE29-4CFD-852F-BB563E3AA085} = {9661D15E-4A54-4852-866D-15727B4E4F29}
		{5A91204E-3834-4350-A888-DACE0DF0AD2A} = {9661D15E-4A54-4852-866D-15727B4E4F29}
		{84DC41F6-F2BF-4731-8A75-3CF5467D8013} = {34318781-1174-4BA7-AD73-DFE963A7AA47}
		{E5C45BFF-8A27-47B1-A481-FDB17730D62D} = {9661D15E-4A54-4852-866D-15727B4E4F29}
		{491FDDE1-509C-4D05-A310-C122A327848B} = {9661D15E-4A54-4852-866D-15727B4E4F29}
		{6F853687-6188-4ED1-A3B0-4E31E267772A} = {9661D15E-4A54-4852-866D-15727B4E4F29}
		{9017B635-B91E-45D4-BAF4-999D7B2E7AFF} = {9661D15E-4A54-4852-866D-15727B4E4F29}
		{4A37AEF8-1859-4BA3-84B2-B39B7A4242C1} = {9661D15E-4A54-4852-866D-15727B4E4F29}
		{EC3C597D-EB70-461E-9A2E-C05E09BD1686} = {798B15BD-CF3B-4419-BFD4-52F0254194B0}
		{B16A0F7D-F0BE-4ED6-816F-04A86B5F147E} = {798B15BD-CF3B-4419-BFD4-52F0254194B0}
		{B5A93599-F654-4672-81F8-A387BE2581C3} = {798B15BD-CF3B-4419-BFD4-52F0254194B0}
		{7F15A080-9C25-4054-8C54-99982216BAA8} = {798B15BD-CF3B-4419-BFD4-52F0254194B0}
		{BCCCC6B5-3F05-457B-99A9-743DBC9E630C} = {798B15BD-CF3B-4419-BFD4-52F0254194B0}
		{EF0D3DE1-84F8-4AE4-AB91-600E96344C02} = {798B15BD-CF3B-4419-BFD4-52F0254194B0}
		{6E403A14-6D78-44A5-82F2-57EFF9AAC025} = {798B15BD-CF3B-4419-BFD4-52F0254194B0}
	EndGlobalSection
EndGlobal
